
Microsoft Visual Studio Solution File, Format Version 12.00
# Visual Studio Version 17
VisualStudioVersion = 17.13.35931.197 d17.13
MinimumVisualStudioVersion = 10.0.40219.1
Project("{FAE04EC0-301F-11D3-BF4B-00C04F79EFBC}") = "WebApi", "WebApi\WebApi.csproj", "{EE700AA1-AE37-473A-A4A9-1E0E08BDF26D}"
EndProject
Project("{FAE04EC0-301F-11D3-BF4B-00C04F79EFBC}") = "Infrastructure", "Infrastructure\Infrastructure.csproj", "{1F8F2D75-8C20-4109-B110-E596C2D7DE0B}"
EndProject
Global
	GlobalSection(SolutionConfigurationPlatforms) = preSolution
		Debug|Any CPU = Debug|Any CPU
		Release|Any CPU = Release|Any CPU
	EndGlobalSection
	GlobalSection(ProjectConfigurationPlatforms) = postSolution
		{EE700AA1-AE37-473A-A4A9-1E0E08BDF26D}.Debug|Any CPU.ActiveCfg = Debug|Any CPU
		{EE700AA1-AE37-473A-A4A9-1E0E08BDF26D}.Debug|Any CPU.Build.0 = Debug|Any CPU
		{EE700AA1-AE37-473A-A4A9-1E0E08BDF26D}.Release|Any CPU.ActiveCfg = Release|Any CPU
		{EE700AA1-AE37-473A-A4A9-1E0E08BDF26D}.Release|Any CPU.Build.0 = Release|Any CPU
		{1F8F2D75-8C20-4109-B110-E596C2D7DE0B}.Debug|Any CPU.ActiveCfg = Debug|Any CPU
		{1F8F2D75-8C20-4109-B110-E596C2D7DE0B}.Debug|Any CPU.Build.0 = Debug|Any CPU
		{1F8F2D75-8C20-4109-B110-E596C2D7DE0B}.Release|Any CPU.ActiveCfg = Release|Any CPU
		{1F8F2D75-8C20-4109-B110-E596C2D7DE0B}.Release|Any CPU.Build.0 = Release|Any CPU
	EndGlobalSection
	GlobalSection(SolutionProperties) = preSolution
		HideSolutionNode = FALSE
	EndGlobalSection
	GlobalSection(ExtensibilityGlobals) = postSolution
		SolutionGuid = {A2252F50-143A-4CBD-818B-B1A8C8A94CF8}
	EndGlobalSection
EndGlobal
